
Microsoft Visual Studio Solution File, Format Version 12.00
# Visual Studio Version 17
VisualStudioVersion = 17.12.35707.178
MinimumVisualStudioVersion = 10.0.40219.1
Project("{FAE04EC0-301F-11D3-BF4B-00C04F79EFBC}") = "EFCoreMovie1_RazorPages", "EFCoreMovie1_RazorPages\EFCoreMovie1_RazorPages.csproj", "{54CA8A5E-9343-4F8B-924B-998E9EA7B257}"
EndProject
Project("{FAE04EC0-301F-11D3-BF4B-00C04F79EFBC}") = "EFCoreMovie2_RazorPages", "EFCoreMovie2_RazorPages\EFCoreMovie2_RazorPages.csproj", "{E04720AA-F228-4869-B125-8245DF53CB81}"
EndProject
Project("{FAE04EC0-301F-11D3-BF4B-00C04F79EFBC}") = "EFCoreMovie3_RazorPages", "EFCoreMovie3_RazorPages\EFCoreMovie3_RazorPages.csproj", "{DEEBE923-97F0-466B-BE20-F7B9AE24C143}"
EndProject
Project("{FAE04EC0-301F-11D3-BF4B-00C04F79EFBC}") = "EFCoreMovie3_RazorPages_Solution", "EFCoreMovie3_RazorPages - Solution\EFCoreMovie3_RazorPages_Solution.csproj", "{EFA4DEDB-3ED6-4FE7-81F1-745DB4E873B6}"
EndProject
Project("{FAE04EC0-301F-11D3-BF4B-00C04F79EFBC}") = "EFCoreTeaching_RazorPages", "EFCoreTeaching_RazorPages\EFCoreTeaching_RazorPages\EFCoreTeaching_RazorPages.csproj", "{D25277B9-AA4B-4E5A-9581-5B561B210B39}"
EndProject
Project("{FAE04EC0-301F-11D3-BF4B-00C04F79EFBC}") = "EFCoreTeaching_RazorPages_Solution", "EFCoreTeaching_RazorPages - Solution\EFCoreTeaching_RazorPages\EFCoreTeaching_RazorPages_Solution.csproj", "{7671CF56-7A2E-4F98-8A0D-9CB14F6C494A}"
EndProject
Project("{FAE04EC0-301F-11D3-BF4B-00C04F79EFBC}") = "EFCoreHotel_RazorPages", "EFCoreHotel_RazorPages\EFCoreHotel_RazorPages.csproj", "{946C0207-065F-4D75-BA95-C4FAEDB1AD05}"
EndProject
Project("{FAE04EC0-301F-11D3-BF4B-00C04F79EFBC}") = "EFCoreHotel_RazorPages_Solution", "EFCoreHotel_RazorPages - Solution\EFCoreHotel_RazorPages_Solution.csproj", "{F9F4CBAB-3677-4D0D-AB32-F5E10AD68880}"
EndProject
Project("{FAE04EC0-301F-11D3-BF4B-00C04F79EFBC}") = "ADONetMovie_RazorPages", "ADONetMovie_RazorPages\ADONetMovie_RazorPages\ADONetMovie_RazorPages.csproj", "{5BA22DD9-14C6-43B9-B5B8-DF5059A79127}"
EndProject
Global
	GlobalSection(SolutionConfigurationPlatforms) = preSolution
		Debug|Any CPU = Debug|Any CPU
		Release|Any CPU = Release|Any CPU
	EndGlobalSection
	GlobalSection(ProjectConfigurationPlatforms) = postSolution
		{54CA8A5E-9343-4F8B-924B-998E9EA7B257}.Debug|Any CPU.ActiveCfg = Debug|Any CPU
		{54CA8A5E-9343-4F8B-924B-998E9EA7B257}.Debug|Any CPU.Build.0 = Debug|Any CPU
		{54CA8A5E-9343-4F8B-924B-998E9EA7B257}.Release|Any CPU.ActiveCfg = Release|Any CPU
		{54CA8A5E-9343-4F8B-924B-998E9EA7B257}.Release|Any CPU.Build.0 = Release|Any CPU
		{E04720AA-F228-4869-B125-8245DF53CB81}.Debug|Any CPU.ActiveCfg = Debug|Any CPU
		{E04720AA-F228-4869-B125-8245DF53CB81}.Debug|Any CPU.Build.0 = Debug|Any CPU
		{E04720AA-F228-4869-B125-8245DF53CB81}.Release|Any CPU.ActiveCfg = Release|Any CPU
		{E04720AA-F228-4869-B125-8245DF53CB81}.Release|Any CPU.Build.0 = Release|Any CPU
		{DEEBE923-97F0-466B-BE20-F7B9AE24C143}.Debug|Any CPU.ActiveCfg = Debug|Any CPU
		{DEEBE923-97F0-466B-BE20-F7B9AE24C143}.Debug|Any CPU.Build.0 = Debug|Any CPU
		{DEEBE923-97F0-466B-BE20-F7B9AE24C143}.Release|Any CPU.ActiveCfg = Release|Any CPU
		{DEEBE923-97F0-466B-BE20-F7B9AE24C143}.Release|Any CPU.Build.0 = Release|Any CPU
		{EFA4DEDB-3ED6-4FE7-81F1-745DB4E873B6}.Debug|Any CPU.ActiveCfg = Debug|Any CPU
		{EFA4DEDB-3ED6-4FE7-81F1-745DB4E873B6}.Debug|Any CPU.Build.0 = Debug|Any CPU
		{EFA4DEDB-3ED6-4FE7-81F1-745DB4E873B6}.Release|Any CPU.ActiveCfg = Release|Any CPU
		{EFA4DEDB-3ED6-4FE7-81F1-745DB4E873B6}.Release|Any CPU.Build.0 = Release|Any CPU
		{D25277B9-AA4B-4E5A-9581-5B561B210B39}.Debug|Any CPU.ActiveCfg = Debug|Any CPU
		{D25277B9-AA4B-4E5A-9581-5B561B210B39}.Debug|Any CPU.Build.0 = Debug|Any CPU
		{D25277B9-AA4B-4E5A-9581-5B561B210B39}.Release|Any CPU.ActiveCfg = Release|Any CPU
		{D25277B9-AA4B-4E5A-9581-5B561B210B39}.Release|Any CPU.Build.0 = Release|Any CPU
		{7671CF56-7A2E-4F98-8A0D-9CB14F6C494A}.Debug|Any CPU.ActiveCfg = Debug|Any CPU
		{7671CF56-7A2E-4F98-8A0D-9CB14F6C494A}.Debug|Any CPU.Build.0 = Debug|Any CPU
		{7671CF56-7A2E-4F98-8A0D-9CB14F6C494A}.Release|Any CPU.ActiveCfg = Release|Any CPU
		{7671CF56-7A2E-4F98-8A0D-9CB14F6C494A}.Release|Any CPU.Build.0 = Release|Any CPU
		{946C0207-065F-4D75-BA95-C4FAEDB1AD05}.Debug|Any CPU.ActiveCfg = Debug|Any CPU
		{946C0207-065F-4D75-BA95-C4FAEDB1AD05}.Debug|Any CPU.Build.0 = Debug|Any CPU
		{946C0207-065F-4D75-BA95-C4FAEDB1AD05}.Release|Any CPU.ActiveCfg = Release|Any CPU
		{946C0207-065F-4D75-BA95-C4FAEDB1AD05}.Release|Any CPU.Build.0 = Release|Any CPU
		{F9F4CBAB-3677-4D0D-AB32-F5E10AD68880}.Debug|Any CPU.ActiveCfg = Debug|Any CPU
		{F9F4CBAB-3677-4D0D-AB32-F5E10AD68880}.Debug|Any CPU.Build.0 = Debug|Any CPU
		{F9F4CBAB-3677-4D0D-AB32-F5E10AD68880}.Release|Any CPU.ActiveCfg = Release|Any CPU
		{F9F4CBAB-3677-4D0D-AB32-F5E10AD68880}.Release|Any CPU.Build.0 = Release|Any CPU
		{5BA22DD9-14C6-43B9-B5B8-DF5059A79127}.Debug|Any CPU.ActiveCfg = Debug|Any CPU
		{5BA22DD9-14C6-43B9-B5B8-DF5059A79127}.Debug|Any CPU.Build.0 = Debug|Any CPU
		{5BA22DD9-14C6-43B9-B5B8-DF5059A79127}.Release|Any CPU.ActiveCfg = Release|Any CPU
		{5BA22DD9-14C6-43B9-B5B8-DF5059A79127}.Release|Any CPU.Build.0 = Release|Any CPU
	EndGlobalSection
	GlobalSection(SolutionProperties) = preSolution
		HideSolutionNode = FALSE
	EndGlobalSection
EndGlobal
